
Microsoft Visual Studio Solution File, Format Version 12.00
# Visual Studio 15
VisualStudioVersion = 15.0.26206.0
MinimumVisualStudioVersion = 10.0.40219.1
Project("{D954291E-2A0B-460D-934E-DC6B0785DB48}") = "App1", "App1\App1\App1.shproj", "{E54D0B16-6C03-4C43-9BDD-87F566A2C51C}"
EndProject
Project("{FAE04EC0-301F-11D3-BF4B-00C04F79EFBC}") = "App1.Droid", "App1\App1.Droid\App1.Droid.csproj", "{004BFF63-1247-4AEC-AFC8-B4CFE0DAF68C}"
EndProject
Project("{FAE04EC0-301F-11D3-BF4B-00C04F79EFBC}") = "App1.iOS", "App1\App1.iOS\App1.iOS.csproj", "{8F6217AC-3AB6-413E-8D06-BD7C02FBD1D3}"
EndProject
Global
	GlobalSection(SharedMSBuildProjectFiles) = preSolution
		App1\App1\App1.projitems*{004bff63-1247-4aec-afc8-b4cfe0daf68c}*SharedItemsImports = 4
		App1\App1\App1.projitems*{8f6217ac-3ab6-413e-8d06-bd7c02fbd1d3}*SharedItemsImports = 4
		App1\App1\App1.projitems*{e54d0b16-6c03-4c43-9bdd-87f566a2c51c}*SharedItemsImports = 13
	EndGlobalSection
	GlobalSection(SolutionConfigurationPlatforms) = preSolution
		Ad-Hoc|Any CPU = Ad-Hoc|Any CPU
		Ad-Hoc|iPhone = Ad-Hoc|iPhone
		Ad-Hoc|iPhoneSimulator = Ad-Hoc|iPhoneSimulator
		AppStore|Any CPU = AppStore|Any CPU
		AppStore|iPhone = AppStore|iPhone
		AppStore|iPhoneSimulator = AppStore|iPhoneSimulator
		Debug|Any CPU = Debug|Any CPU
		Debug|iPhone = Debug|iPhone
		Debug|iPhoneSimulator = Debug|iPhoneSimulator
		Release|Any CPU = Release|Any CPU
		Release|iPhone = Release|iPhone
		Release|iPhoneSimulator = Release|iPhoneSimulator
	EndGlobalSection
	GlobalSection(ProjectConfigurationPlatforms) = postSolution
		{004BFF63-1247-4AEC-AFC8-B4CFE0DAF68C}.Ad-Hoc|Any CPU.ActiveCfg = Release|Any CPU
		{004BFF63-1247-4AEC-AFC8-B4CFE0DAF68C}.Ad-Hoc|Any CPU.Build.0 = Release|Any CPU
		{004BFF63-1247-4AEC-AFC8-B4CFE0DAF68C}.Ad-Hoc|Any CPU.Deploy.0 = Release|Any CPU
		{004BFF63-1247-4AEC-AFC8-B4CFE0DAF68C}.Ad-Hoc|iPhone.ActiveCfg = Release|Any CPU
		{004BFF63-1247-4AEC-AFC8-B4CFE0DAF68C}.Ad-Hoc|iPhone.Build.0 = Release|Any CPU
		{004BFF63-1247-4AEC-AFC8-B4CFE0DAF68C}.Ad-Hoc|iPhone.Deploy.0 = Release|Any CPU
		{004BFF63-1247-4AEC-AFC8-B4CFE0DAF68C}.Ad-Hoc|iPhoneSimulator.ActiveCfg = Release|Any CPU
		{004BFF63-1247-4AEC-AFC8-B4CFE0DAF68C}.Ad-Hoc|iPhoneSimulator.Build.0 = Release|Any CPU
		{004BFF63-1247-4AEC-AFC8-B4CFE0DAF68C}.Ad-Hoc|iPhoneSimulator.Deploy.0 = Release|Any CPU
		{004BFF63-1247-4AEC-AFC8-B4CFE0DAF68C}.AppStore|Any CPU.ActiveCfg = Release|Any CPU
		{004BFF63-1247-4AEC-AFC8-B4CFE0DAF68C}.AppStore|Any CPU.Build.0 = Release|Any CPU
		{004BFF63-1247-4AEC-AFC8-B4CFE0DAF68C}.AppStore|Any CPU.Deploy.0 = Release|Any CPU
		{004BFF63-1247-4AEC-AFC8-B4CFE0DAF68C}.AppStore|iPhone.ActiveCfg = Release|Any CPU
		{004BFF63-1247-4AEC-AFC8-B4CFE0DAF68C}.AppStore|iPhone.Build.0 = Release|Any CPU
		{004BFF63-1247-4AEC-AFC8-B4CFE0DAF68C}.AppStore|iPhone.Deploy.0 = Release|Any CPU
		{004BFF63-1247-4AEC-AFC8-B4CFE0DAF68C}.AppStore|iPhoneSimulator.ActiveCfg = Release|Any CPU
		{004BFF63-1247-4AEC-AFC8-B4CFE0DAF68C}.AppStore|iPhoneSimulator.Build.0 = Release|Any CPU
		{004BFF63-1247-4AEC-AFC8-B4CFE0DAF68C}.AppStore|iPhoneSimulator.Deploy.0 = Release|Any CPU
		{004BFF63-1247-4AEC-AFC8-B4CFE0DAF68C}.Debug|Any CPU.ActiveCfg = Debug|Any CPU
		{004BFF63-1247-4AEC-AFC8-B4CFE0DAF68C}.Debug|Any CPU.Build.0 = Debug|Any CPU
		{004BFF63-1247-4AEC-AFC8-B4CFE0DAF68C}.Debug|Any CPU.Deploy.0 = Debug|Any CPU
		{004BFF63-1247-4AEC-AFC8-B4CFE0DAF68C}.Debug|iPhone.ActiveCfg = Debug|Any CPU
		{004BFF63-1247-4AEC-AFC8-B4CFE0DAF68C}.Debug|iPhone.Build.0 = Debug|Any CPU
		{004BFF63-1247-4AEC-AFC8-B4CFE0DAF68C}.Debug|iPhone.Deploy.0 = Debug|Any CPU
		{004BFF63-1247-4AEC-AFC8-B4CFE0DAF68C}.Debug|iPhoneSimulator.ActiveCfg = Debug|Any CPU
		{004BFF63-1247-4AEC-AFC8-B4CFE0DAF68C}.Debug|iPhoneSimulator.Build.0 = Debug|Any CPU
		{004BFF63-1247-4AEC-AFC8-B4CFE0DAF68C}.Debug|iPhoneSimulator.Deploy.0 = Debug|Any CPU
		{004BFF63-1247-4AEC-AFC8-B4CFE0DAF68C}.Release|Any CPU.ActiveCfg = Release|Any CPU
		{004BFF63-1247-4AEC-AFC8-B4CFE0DAF68C}.Release|Any CPU.Build.0 = Release|Any CPU
		{004BFF63-1247-4AEC-AFC8-B4CFE0DAF68C}.Release|Any CPU.Deploy.0 = Release|Any CPU
		{004BFF63-1247-4AEC-AFC8-B4CFE0DAF68C}.Release|iPhone.ActiveCfg = Release|Any CPU
		{004BFF63-1247-4AEC-AFC8-B4CFE0DAF68C}.Release|iPhone.Build.0 = Release|Any CPU
		{004BFF63-1247-4AEC-AFC8-B4CFE0DAF68C}.Release|iPhone.Deploy.0 = Release|Any CPU
		{004BFF63-1247-4AEC-AFC8-B4CFE0DAF68C}.Release|iPhoneSimulator.ActiveCfg = Release|Any CPU
		{004BFF63-1247-4AEC-AFC8-B4CFE0DAF68C}.Release|iPhoneSimulator.Build.0 = Release|Any CPU
		{004BFF63-1247-4AEC-AFC8-B4CFE0DAF68C}.Release|iPhoneSimulator.Deploy.0 = Release|Any CPU
		{8F6217AC-3AB6-413E-8D06-BD7C02FBD1D3}.Ad-Hoc|Any CPU.ActiveCfg = Ad-Hoc|iPhone
		{8F6217AC-3AB6-413E-8D06-BD7C02FBD1D3}.Ad-Hoc|iPhone.ActiveCfg = Ad-Hoc|iPhone
		{8F6217AC-3AB6-413E-8D06-BD7C02FBD1D3}.Ad-Hoc|iPhone.Build.0 = Ad-Hoc|iPhone
		{8F6217AC-3AB6-413E-8D06-BD7C02FBD1D3}.Ad-Hoc|iPhoneSimulator.ActiveCfg = Ad-Hoc|iPhoneSimulator
		{8F6217AC-3AB6-413E-8D06-BD7C02FBD1D3}.Ad-Hoc|iPhoneSimulator.Build.0 = Ad-Hoc|iPhoneSimulator
		{8F6217AC-3AB6-413E-8D06-BD7C02FBD1D3}.AppStore|Any CPU.ActiveCfg = AppStore|iPhone
		{8F6217AC-3AB6-413E-8D06-BD7C02FBD1D3}.AppStore|iPhone.ActiveCfg = AppStore|iPhone
		{8F6217AC-3AB6-413E-8D06-BD7C02FBD1D3}.AppStore|iPhone.Build.0 = AppStore|iPhone
		{8F6217AC-3AB6-413E-8D06-BD7C02FBD1D3}.AppStore|iPhoneSimulator.ActiveCfg = AppStore|iPhoneSimulator
		{8F6217AC-3AB6-413E-8D06-BD7C02FBD1D3}.AppStore|iPhoneSimulator.Build.0 = AppStore|iPhoneSimulator
		{8F6217AC-3AB6-413E-8D06-BD7C02FBD1D3}.Debug|Any CPU.ActiveCfg = Debug|iPhone
		{8F6217AC-3AB6-413E-8D06-BD7C02FBD1D3}.Debug|iPhone.ActiveCfg = Debug|iPhone
		{8F6217AC-3AB6-413E-8D06-BD7C02FBD1D3}.Debug|iPhone.Build.0 = Debug|iPhone
		{8F6217AC-3AB6-413E-8D06-BD7C02FBD1D3}.Debug|iPhoneSimulator.ActiveCfg = Debug|iPhoneSimulator
		{8F6217AC-3AB6-413E-8D06-BD7C02FBD1D3}.Debug|iPhoneSimulator.Build.0 = Debug|iPhoneSimulator
		{8F6217AC-3AB6-413E-8D06-BD7C02FBD1D3}.Release|Any CPU.ActiveCfg = Release|iPhone
		{8F6217AC-3AB6-413E-8D06-BD7C02FBD1D3}.Release|iPhone.ActiveCfg = Release|iPhone
		{8F6217AC-3AB6-413E-8D06-BD7C02FBD1D3}.Release|iPhone.Build.0 = Release|iPhone
		{8F6217AC-3AB6-413E-8D06-BD7C02FBD1D3}.Release|iPhoneSimulator.ActiveCfg = Release|iPhoneSimulator
		{8F6217AC-3AB6-413E-8D06-BD7C02FBD1D3}.Release|iPhoneSimulator.Build.0 = Release|iPhoneSimulator
	EndGlobalSection
	GlobalSection(SolutionProperties) = preSolution
		HideSolutionNode = FALSE
	EndGlobalSection
EndGlobal
